
Microsoft Visual Studio Solution File, Format Version 12.00
# Visual Studio 15
VisualStudioVersion = 15.0.28307.168
MinimumVisualStudioVersion = 10.0.40219.1
Project("{FAE04EC0-301F-11D3-BF4B-00C04F79EFBC}") = "FörståPaint", "FörståPaint\FörståPaint.csproj", "{3C5EA9A9-F4DD-4073-BB40-E40CE013DF05}"
EndProject
Global
	GlobalSection(SolutionConfigurationPlatforms) = preSolution
		Debug|Any CPU = Debug|Any CPU
		Release|Any CPU = Release|Any CPU
	EndGlobalSection
	GlobalSection(ProjectConfigurationPlatforms) = postSolution
		{3C5EA9A9-F4DD-4073-BB40-E40CE013DF05}.Debug|Any CPU.ActiveCfg = Debug|Any CPU
		{3C5EA9A9-F4DD-4073-BB40-E40CE013DF05}.Debug|Any CPU.Build.0 = Debug|Any CPU
		{3C5EA9A9-F4DD-4073-BB40-E40CE013DF05}.Release|Any CPU.ActiveCfg = Release|Any CPU
		{3C5EA9A9-F4DD-4073-BB40-E40CE013DF05}.Release|Any CPU.Build.0 = Release|Any CPU
	EndGlobalSection
	GlobalSection(SolutionProperties) = preSolution
		HideSolutionNode = FALSE
	EndGlobalSection
	GlobalSection(ExtensibilityGlobals) = postSolution
		SolutionGuid = {B0279BF6-DBDC-4E88-9115-83C1F91EB8EF}
	EndGlobalSection
EndGlobal
